{
  "name": "charts",
  "version": "1.1.0",
  "lockfileVersion": 1,
  "requires": true,
  "dependencies": {
    "etch": {
      "version": "0.12.6",
      "resolved": "https://registry.npmjs.org/etch/-/etch-0.12.6.tgz",
      "integrity": "sha1-V9luAGbu4W4GNVgU9GuIKcb9XAU="
    },
    "underscore": {
      "version": "1.6.0",
      "resolved": "https://registry.npmjs.org/underscore/-/underscore-1.6.0.tgz",
      "integrity": "sha1-izixDKze9jM3uLJOT/htRa6lKag="
    },
    "underscore-plus": {
      "version": "1.6.6",
      "resolved": "https://registry.npmjs.org/underscore-plus/-/underscore-plus-1.6.6.tgz",
      "integrity": "sha1-ZezeG9xEGjXYnmUP1w3PE65Dmn0=",
      "requires": {
        "underscore": "~1.6.0"
      }
    },
    "via-script": {
      "version": "0.1.0",
      "resolved": "https://registry.npmjs.org/via-script/-/via-script-0.1.0.tgz",
      "integrity": "sha512-C09Vk6xT4ikfDEuVWP9BCg2EcNXLOw6krTOuwO1XxWTZTt10+FU8DU7Kj2pbXoINHSIRqvNn8FXJT4mCy7PxWw=="
    }
  }
}
